// !$*UTF8*$!
{
	archiveVersion = 1;
	classes = {
	};
	objectVersion = 51;
	objects = {

/* Begin PBXBuildFile section */
		401DC61F33BBB4D2E02F0DF8 /* Pods_ptuBus_ptuBusUITests.framework in Frameworks */ = {isa = PBXBuildFile; fileRef = 6887D1030C4E0A6D2EA361D8 /* Pods_ptuBus_ptuBusUITests.framework */; };
		8004D5A7266BEEA8004D99EA /* BuildURL.swift in Sources */ = {isa = PBXBuildFile; fileRef = 8004D5A6266BEEA8004D99EA /* BuildURL.swift */; };
		8004D5AB266D2F38004D99EA /* Request.swift in Sources */ = {isa = PBXBuildFile; fileRef = 8004D5AA266D2F38004D99EA /* Request.swift */; };
		80104F06266E9E9900FA51A7 /* SchoolBusTableViewCell.swift in Sources */ = {isa = PBXBuildFile; fileRef = 80104F05266E9E9900FA51A7 /* SchoolBusTableViewCell.swift */; };
		806EDE9C2663FC1400E3DA3B /* AppDelegate.swift in Sources */ = {isa = PBXBuildFile; fileRef = 806EDE9B2663FC1400E3DA3B /* AppDelegate.swift */; };
		806EDE9E2663FC1400E3DA3B /* SceneDelegate.swift in Sources */ = {isa = PBXBuildFile; fileRef = 806EDE9D2663FC1400E3DA3B /* SceneDelegate.swift */; };
		806EDEA02663FC1400E3DA3B /* MainViewController.swift in Sources */ = {isa = PBXBuildFile; fileRef = 806EDE9F2663FC1400E3DA3B /* MainViewController.swift */; };
		806EDEA32663FC1400E3DA3B /* Main.storyboard in Resources */ = {isa = PBXBuildFile; fileRef = 806EDEA12663FC1400E3DA3B /* Main.storyboard */; };
		806EDEA52663FC1500E3DA3B /* Assets.xcassets in Resources */ = {isa = PBXBuildFile; fileRef = 806EDEA42663FC1500E3DA3B /* Assets.xcassets */; };
		806EDEA82663FC1500E3DA3B /* LaunchScreen.storyboard in Resources */ = {isa = PBXBuildFile; fileRef = 806EDEA62663FC1500E3DA3B /* LaunchScreen.storyboard */; };
		806EDEB32663FC1600E3DA3B /* ptuBusTests.swift in Sources */ = {isa = PBXBuildFile; fileRef = 806EDEB22663FC1600E3DA3B /* ptuBusTests.swift */; };
		806EDEBE2663FC1600E3DA3B /* ptuBusUITests.swift in Sources */ = {isa = PBXBuildFile; fileRef = 806EDEBD2663FC1600E3DA3B /* ptuBusUITests.swift */; };
		806EDECC266402A700E3DA3B /* FavoriteViewController.swift in Sources */ = {isa = PBXBuildFile; fileRef = 806EDECB266402A700E3DA3B /* FavoriteViewController.swift */; };
		806EDED0266404F400E3DA3B /* SchoolBusViewController.swift in Sources */ = {isa = PBXBuildFile; fileRef = 806EDECF266404F400E3DA3B /* SchoolBusViewController.swift */; };
		80A4CE6726764AE6009A4CF3 /* DestinationView.xib in Resources */ = {isa = PBXBuildFile; fileRef = 80A4CE6526764AE6009A4CF3 /* DestinationView.xib */; };
		80A4CE6826764AE6009A4CF3 /* DestinationUIView.swift in Sources */ = {isa = PBXBuildFile; fileRef = 80A4CE6626764AE6009A4CF3 /* DestinationUIView.swift */; };
		80A4CE6B26764E33009A4CF3 /* ExpressBusDestinationViewController.swift in Sources */ = {isa = PBXBuildFile; fileRef = 80A4CE6A26764E33009A4CF3 /* ExpressBusDestinationViewController.swift */; };
		80A4CE6E2676A47C009A4CF3 /* UIColor.swift in Sources */ = {isa = PBXBuildFile; fileRef = 80A4CE6D2676A47C009A4CF3 /* UIColor.swift */; };
		80A4CE702676A791009A4CF3 /* ExpressBusViewController.swift in Sources */ = {isa = PBXBuildFile; fileRef = 80A4CE6F2676A791009A4CF3 /* ExpressBusViewController.swift */; };
		80C7CAAC2676E15500D4F78C /* TrainTableViewCell.swift in Sources */ = {isa = PBXBuildFile; fileRef = 80C7CAAB2676E15500D4F78C /* TrainTableViewCell.swift */; };
		80CE35C22676B71C00318B63 /* TrainDestinationViewController.swift in Sources */ = {isa = PBXBuildFile; fileRef = 80CE35C12676B71C00318B63 /* TrainDestinationViewController.swift */; };
		80CE35C42676BAA400318B63 /* TrainViewController.swift in Sources */ = {isa = PBXBuildFile; fileRef = 80CE35C32676BAA400318B63 /* TrainViewController.swift */; };
		81BC4F316E4B6E0B69C4721A /* Pods_ptuBusTests.framework in Frameworks */ = {isa = PBXBuildFile; fileRef = 5690BC41B4EC8EAE95F3FA0D /* Pods_ptuBusTests.framework */; };
		91881BE2F0B8FEEE563EA846 /* Pods_ptuBus.framework in Frameworks */ = {isa = PBXBuildFile; fileRef = 379D8DF402701384B9D4ED51 /* Pods_ptuBus.framework */; };
/* End PBXBuildFile section */

/* Begin PBXContainerItemProxy section */
		806EDEAF2663FC1600E3DA3B /* PBXContainerItemProxy */ = {
			isa = PBXContainerItemProxy;
			containerPortal = 806EDE902663FC1400E3DA3B /* Project object */;
			proxyType = 1;
			remoteGlobalIDString = 806EDE972663FC1400E3DA3B;
			remoteInfo = ptuBus;
		};
		806EDEBA2663FC1600E3DA3B /* PBXContainerItemProxy */ = {
			isa = PBXContainerItemProxy;
			containerPortal = 806EDE902663FC1400E3DA3B /* Project object */;
			proxyType = 1;
			remoteGlobalIDString = 806EDE972663FC1400E3DA3B;
			remoteInfo = ptuBus;
		};
/* End PBXContainerItemProxy section */

/* Begin PBXFileReference section */
		23CC2367266463F9E8B60284 /* Pods-ptuBus.release.xcconfig */ = {isa = PBXFileReference; includeInIndex = 1; lastKnownFileType = text.xcconfig; name = "Pods-ptuBus.release.xcconfig"; path = "Target Support Files/Pods-ptuBus/Pods-ptuBus.release.xcconfig"; sourceTree = "<group>"; };
		379D8DF402701384B9D4ED51 /* Pods_ptuBus.framework */ = {isa = PBXFileReference; explicitFileType = wrapper.framework; includeInIndex = 0; path = Pods_ptuBus.framework; sourceTree = BUILT_PRODUCTS_DIR; };
		5690BC41B4EC8EAE95F3FA0D /* Pods_ptuBusTests.framework */ = {isa = PBXFileReference; explicitFileType = wrapper.framework; includeInIndex = 0; path = Pods_ptuBusTests.framework; sourceTree = BUILT_PRODUCTS_DIR; };
		6887D1030C4E0A6D2EA361D8 /* Pods_ptuBus_ptuBusUITests.framework */ = {isa = PBXFileReference; explicitFileType = wrapper.framework; includeInIndex = 0; path = Pods_ptuBus_ptuBusUITests.framework; sourceTree = BUILT_PRODUCTS_DIR; };
		7BC192E04BBC92473635E19C /* Pods-ptuBus.debug.xcconfig */ = {isa = PBXFileReference; includeInIndex = 1; lastKnownFileType = text.xcconfig; name = "Pods-ptuBus.debug.xcconfig"; path = "Target Support Files/Pods-ptuBus/Pods-ptuBus.debug.xcconfig"; sourceTree = "<group>"; };
		8004D5A6266BEEA8004D99EA /* BuildURL.swift */ = {isa = PBXFileReference; lastKnownFileType = sourcecode.swift; path = BuildURL.swift; sourceTree = "<group>"; };
		8004D5AA266D2F38004D99EA /* Request.swift */ = {isa = PBXFileReference; lastKnownFileType = sourcecode.swift; path = Request.swift; sourceTree = "<group>"; };
		80104F05266E9E9900FA51A7 /* SchoolBusTableViewCell.swift */ = {isa = PBXFileReference; lastKnownFileType = sourcecode.swift; path = SchoolBusTableViewCell.swift; sourceTree = "<group>"; };
		806EDE982663FC1400E3DA3B /* ptuBus.app */ = {isa = PBXFileReference; explicitFileType = wrapper.application; includeInIndex = 0; path = ptuBus.app; sourceTree = BUILT_PRODUCTS_DIR; };
		806EDE9B2663FC1400E3DA3B /* AppDelegate.swift */ = {isa = PBXFileReference; lastKnownFileType = sourcecode.swift; path = AppDelegate.swift; sourceTree = "<group>"; };
		806EDE9D2663FC1400E3DA3B /* SceneDelegate.swift */ = {isa = PBXFileReference; lastKnownFileType = sourcecode.swift; path = SceneDelegate.swift; sourceTree = "<group>"; };
		806EDE9F2663FC1400E3DA3B /* MainViewController.swift */ = {isa = PBXFileReference; lastKnownFileType = sourcecode.swift; path = MainViewController.swift; sourceTree = "<group>"; };
		806EDEA22663FC1400E3DA3B /* Base */ = {isa = PBXFileReference; lastKnownFileType = file.storyboard; name = Base; path = Base.lproj/Main.storyboard; sourceTree = "<group>"; };
		806EDEA42663FC1500E3DA3B /* Assets.xcassets */ = {isa = PBXFileReference; lastKnownFileType = folder.assetcatalog; path = Assets.xcassets; sourceTree = "<group>"; };
		806EDEA72663FC1500E3DA3B /* Base */ = {isa = PBXFileReference; lastKnownFileType = file.storyboard; name = Base; path = Base.lproj/LaunchScreen.storyboard; sourceTree = "<group>"; };
		806EDEA92663FC1500E3DA3B /* Info.plist */ = {isa = PBXFileReference; lastKnownFileType = text.plist.xml; path = Info.plist; sourceTree = "<group>"; };
		806EDEAE2663FC1600E3DA3B /* ptuBusTests.xctest */ = {isa = PBXFileReference; explicitFileType = wrapper.cfbundle; includeInIndex = 0; path = ptuBusTests.xctest; sourceTree = BUILT_PRODUCTS_DIR; };
		806EDEB22663FC1600E3DA3B /* ptuBusTests.swift */ = {isa = PBXFileReference; lastKnownFileType = sourcecode.swift; path = ptuBusTests.swift; sourceTree = "<group>"; };
		806EDEB42663FC1600E3DA3B /* Info.plist */ = {isa = PBXFileReference; lastKnownFileType = text.plist.xml; path = Info.plist; sourceTree = "<group>"; };
		806EDEB92663FC1600E3DA3B /* ptuBusUITests.xctest */ = {isa = PBXFileReference; explicitFileType = wrapper.cfbundle; includeInIndex = 0; path = ptuBusUITests.xctest; sourceTree = BUILT_PRODUCTS_DIR; };
		806EDEBD2663FC1600E3DA3B /* ptuBusUITests.swift */ = {isa = PBXFileReference; lastKnownFileType = sourcecode.swift; path = ptuBusUITests.swift; sourceTree = "<group>"; };
		806EDEBF2663FC1600E3DA3B /* Info.plist */ = {isa = PBXFileReference; lastKnownFileType = text.plist.xml; path = Info.plist; sourceTree = "<group>"; };
		806EDECB266402A700E3DA3B /* FavoriteViewController.swift */ = {isa = PBXFileReference; lastKnownFileType = sourcecode.swift; path = FavoriteViewController.swift; sourceTree = "<group>"; };
		806EDECF266404F400E3DA3B /* SchoolBusViewController.swift */ = {isa = PBXFileReference; lastKnownFileType = sourcecode.swift; path = SchoolBusViewController.swift; sourceTree = "<group>"; };
		80A4CE6526764AE6009A4CF3 /* DestinationView.xib */ = {isa = PBXFileReference; fileEncoding = 4; lastKnownFileType = file.xib; path = DestinationView.xib; sourceTree = "<group>"; };
		80A4CE6626764AE6009A4CF3 /* DestinationUIView.swift */ = {isa = PBXFileReference; fileEncoding = 4; lastKnownFileType = sourcecode.swift; path = DestinationUIView.swift; sourceTree = "<group>"; };
		80A4CE6A26764E33009A4CF3 /* ExpressBusDestinationViewController.swift */ = {isa = PBXFileReference; lastKnownFileType = sourcecode.swift; path = ExpressBusDestinationViewController.swift; sourceTree = "<group>"; };
		80A4CE6D2676A47C009A4CF3 /* UIColor.swift */ = {isa = PBXFileReference; lastKnownFileType = sourcecode.swift; path = UIColor.swift; sourceTree = "<group>"; };
		80A4CE6F2676A791009A4CF3 /* ExpressBusViewController.swift */ = {isa = PBXFileReference; lastKnownFileType = sourcecode.swift; path = ExpressBusViewController.swift; sourceTree = "<group>"; };
		80C7CAAB2676E15500D4F78C /* TrainTableViewCell.swift */ = {isa = PBXFileReference; lastKnownFileType = sourcecode.swift; path = TrainTableViewCell.swift; sourceTree = "<group>"; };
		80CE35C12676B71C00318B63 /* TrainDestinationViewController.swift */ = {isa = PBXFileReference; lastKnownFileType = sourcecode.swift; path = TrainDestinationViewController.swift; sourceTree = "<group>"; };
		80CE35C32676BAA400318B63 /* TrainViewController.swift */ = {isa = PBXFileReference; lastKnownFileType = sourcecode.swift; path = TrainViewController.swift; sourceTree = "<group>"; };
		B5EA42FE584B7C6C3AE65B61 /* Pods-ptuBusTests.debug.xcconfig */ = {isa = PBXFileReference; includeInIndex = 1; lastKnownFileType = text.xcconfig; name = "Pods-ptuBusTests.debug.xcconfig"; path = "Target Support Files/Pods-ptuBusTests/Pods-ptuBusTests.debug.xcconfig"; sourceTree = "<group>"; };
		D177E190D356D0F4CB610BE0 /* Pods-ptuBus-ptuBusUITests.release.xcconfig */ = {isa = PBXFileReference; includeInIndex = 1; lastKnownFileType = text.xcconfig; name = "Pods-ptuBus-ptuBusUITests.release.xcconfig"; path = "Target Support Files/Pods-ptuBus-ptuBusUITests/Pods-ptuBus-ptuBusUITests.release.xcconfig"; sourceTree = "<group>"; };
		E1B7976C8840DF65D7B1C47E /* Pods-ptuBus-ptuBusUITests.debug.xcconfig */ = {isa = PBXFileReference; includeInIndex = 1; lastKnownFileType = text.xcconfig; name = "Pods-ptuBus-ptuBusUITests.debug.xcconfig"; path = "Target Support Files/Pods-ptuBus-ptuBusUITests/Pods-ptuBus-ptuBusUITests.debug.xcconfig"; sourceTree = "<group>"; };
		E8DDBDC93A878047231C6983 /* Pods-ptuBusTests.release.xcconfig */ = {isa = PBXFileReference; includeInIndex = 1; lastKnownFileType = text.xcconfig; name = "Pods-ptuBusTests.release.xcconfig"; path = "Target Support Files/Pods-ptuBusTests/Pods-ptuBusTests.release.xcconfig"; sourceTree = "<group>"; };
/* End PBXFileReference section */

/* Begin PBXFrameworksBuildPhase section */
		806EDE952663FC1400E3DA3B /* Frameworks */ = {
			isa = PBXFrameworksBuildPhase;
			buildActionMask = 2147483647;
			files = (
				91881BE2F0B8FEEE563EA846 /* Pods_ptuBus.framework in Frameworks */,
			);
			runOnlyForDeploymentPostprocessing = 0;
		};
		806EDEAB2663FC1600E3DA3B /* Frameworks */ = {
			isa = PBXFrameworksBuildPhase;
			buildActionMask = 2147483647;
			files = (
				81BC4F316E4B6E0B69C4721A /* Pods_ptuBusTests.framework in Frameworks */,
			);
			runOnlyForDeploymentPostprocessing = 0;
		};
		806EDEB62663FC1600E3DA3B /* Frameworks */ = {
			isa = PBXFrameworksBuildPhase;
			buildActionMask = 2147483647;
			files = (
				401DC61F33BBB4D2E02F0DF8 /* Pods_ptuBus_ptuBusUITests.framework in Frameworks */,
			);
			runOnlyForDeploymentPostprocessing = 0;
		};
/* End PBXFrameworksBuildPhase section */

/* Begin PBXGroup section */
		8004D5A5266BEE8B004D99EA /* Vendors */ = {
			isa = PBXGroup;
			children = (
				80A4CE6C2676A46D009A4CF3 /* Extensions */,
				8004D5A9266D2F2A004D99EA /* request */,
				8004D5A8266D2F17004D99EA /* url */,
			);
			path = Vendors;
			sourceTree = "<group>";
		};
		8004D5A8266D2F17004D99EA /* url */ = {
			isa = PBXGroup;
			children = (
				8004D5A6266BEEA8004D99EA /* BuildURL.swift */,
			);
			path = url;
			sourceTree = "<group>";
		};
		8004D5A9266D2F2A004D99EA /* request */ = {
			isa = PBXGroup;
			children = (
				8004D5AA266D2F38004D99EA /* Request.swift */,
			);
			path = request;
			sourceTree = "<group>";
		};
		80104F03266E9D6B00FA51A7 /* Views */ = {
			isa = PBXGroup;
			children = (
				802453EE2674B0CA00E7FC2B /* ViewController */,
				802048302675E757000A1891 /* SubViews */,
				80104F04266E9D7700FA51A7 /* Cells */,
			);
			path = Views;
			sourceTree = "<group>";
		};
		80104F04266E9D7700FA51A7 /* Cells */ = {
			isa = PBXGroup;
			children = (
				80104F05266E9E9900FA51A7 /* SchoolBusTableViewCell.swift */,
				80C7CAAB2676E15500D4F78C /* TrainTableViewCell.swift */,
			);
			path = Cells;
			sourceTree = "<group>";
		};
		802048302675E757000A1891 /* SubViews */ = {
			isa = PBXGroup;
			children = (
				80A4CE6626764AE6009A4CF3 /* DestinationUIView.swift */,
				80A4CE6526764AE6009A4CF3 /* DestinationView.xib */,
			);
			path = SubViews;
			sourceTree = "<group>";
		};
		802453EE2674B0CA00E7FC2B /* ViewController */ = {
			isa = PBXGroup;
			children = (
				80CE35C02676B6FA00318B63 /* TrainViews */,
				80A4CE6926764E15009A4CF3 /* ExpressBusViews */,
				806EDECF266404F400E3DA3B /* SchoolBusViewController.swift */,
			);
			path = ViewController;
			sourceTree = "<group>";
		};
		806EDE8F2663FC1400E3DA3B = {
			isa = PBXGroup;
			children = (
				806EDE9A2663FC1400E3DA3B /* ptuBus */,
				806EDEB12663FC1600E3DA3B /* ptuBusTests */,
				806EDEBC2663FC1600E3DA3B /* ptuBusUITests */,
				806EDE992663FC1400E3DA3B /* Products */,
				9632A2B1C64F22B7485B76AD /* Pods */,
				D76DB321C1EB77C2C3D845F9 /* Frameworks */,
			);
			sourceTree = "<group>";
		};
		806EDE992663FC1400E3DA3B /* Products */ = {
			isa = PBXGroup;
			children = (
				806EDE982663FC1400E3DA3B /* ptuBus.app */,
				806EDEAE2663FC1600E3DA3B /* ptuBusTests.xctest */,
				806EDEB92663FC1600E3DA3B /* ptuBusUITests.xctest */,
			);
			name = Products;
			sourceTree = "<group>";
		};
		806EDE9A2663FC1400E3DA3B /* ptuBus */ = {
			isa = PBXGroup;
			children = (
				80104F03266E9D6B00FA51A7 /* Views */,
				8004D5A5266BEE8B004D99EA /* Vendors */,
				806EDE9B2663FC1400E3DA3B /* AppDelegate.swift */,
				806EDE9D2663FC1400E3DA3B /* SceneDelegate.swift */,
				806EDE9F2663FC1400E3DA3B /* MainViewController.swift */,
				806EDEA12663FC1400E3DA3B /* Main.storyboard */,
				806EDEA42663FC1500E3DA3B /* Assets.xcassets */,
				806EDECB266402A700E3DA3B /* FavoriteViewController.swift */,
				806EDEA62663FC1500E3DA3B /* LaunchScreen.storyboard */,
				806EDEA92663FC1500E3DA3B /* Info.plist */,
			);
			path = ptuBus;
			sourceTree = "<group>";
		};
		806EDEB12663FC1600E3DA3B /* ptuBusTests */ = {
			isa = PBXGroup;
			children = (
				806EDEB22663FC1600E3DA3B /* ptuBusTests.swift */,
				806EDEB42663FC1600E3DA3B /* Info.plist */,
			);
			path = ptuBusTests;
			sourceTree = "<group>";
		};
		806EDEBC2663FC1600E3DA3B /* ptuBusUITests */ = {
			isa = PBXGroup;
			children = (
				806EDEBD2663FC1600E3DA3B /* ptuBusUITests.swift */,
				806EDEBF2663FC1600E3DA3B /* Info.plist */,
			);
			path = ptuBusUITests;
			sourceTree = "<group>";
		};
		80A4CE6926764E15009A4CF3 /* ExpressBusViews */ = {
			isa = PBXGroup;
			children = (
				80A4CE6A26764E33009A4CF3 /* ExpressBusDestinationViewController.swift */,
				80A4CE6F2676A791009A4CF3 /* ExpressBusViewController.swift */,
			);
			path = ExpressBusViews;
			sourceTree = "<group>";
		};
		80A4CE6C2676A46D009A4CF3 /* Extensions */ = {
			isa = PBXGroup;
			children = (
				80A4CE6D2676A47C009A4CF3 /* UIColor.swift */,
			);
			path = Extensions;
			sourceTree = "<group>";
		};
		80CE35C02676B6FA00318B63 /* TrainViews */ = {
			isa = PBXGroup;
			children = (
				80CE35C12676B71C00318B63 /* TrainDestinationViewController.swift */,
				80CE35C32676BAA400318B63 /* TrainViewController.swift */,
			);
			path = TrainViews;
			sourceTree = "<group>";
		};
		9632A2B1C64F22B7485B76AD /* Pods */ = {
			isa = PBXGroup;
			children = (
				7BC192E04BBC92473635E19C /* Pods-ptuBus.debug.xcconfig */,
				23CC2367266463F9E8B60284 /* Pods-ptuBus.release.xcconfig */,
				E1B7976C8840DF65D7B1C47E /* Pods-ptuBus-ptuBusUITests.debug.xcconfig */,
				D177E190D356D0F4CB610BE0 /* Pods-ptuBus-ptuBusUITests.release.xcconfig */,
				B5EA42FE584B7C6C3AE65B61 /* Pods-ptuBusTests.debug.xcconfig */,
				E8DDBDC93A878047231C6983 /* Pods-ptuBusTests.release.xcconfig */,
			);
			path = Pods;
			sourceTree = "<group>";
		};
		D76DB321C1EB77C2C3D845F9 /* Frameworks */ = {
			isa = PBXGroup;
			children = (
				379D8DF402701384B9D4ED51 /* Pods_ptuBus.framework */,
				6887D1030C4E0A6D2EA361D8 /* Pods_ptuBus_ptuBusUITests.framework */,
				5690BC41B4EC8EAE95F3FA0D /* Pods_ptuBusTests.framework */,
			);
			name = Frameworks;
			sourceTree = "<group>";
		};
/* End PBXGroup section */

/* Begin PBXNativeTarget section */
		806EDE972663FC1400E3DA3B /* ptuBus */ = {
			isa = PBXNativeTarget;
			buildConfigurationList = 806EDEC22663FC1600E3DA3B /* Build configuration list for PBXNativeTarget "ptuBus" */;
			buildPhases = (
				0F68093EE6493CAA30E1FF2F /* [CP] Check Pods Manifest.lock */,
				806EDE942663FC1400E3DA3B /* Sources */,
				806EDE952663FC1400E3DA3B /* Frameworks */,
				806EDE962663FC1400E3DA3B /* Resources */,
				415DD08A9B310AFEFDF91C32 /* [CP] Embed Pods Frameworks */,
			);
			buildRules = (
			);
			dependencies = (
			);
			name = ptuBus;
			productName = ptuBus;
			productReference = 806EDE982663FC1400E3DA3B /* ptuBus.app */;
			productType = "com.apple.product-type.application";
		};
		806EDEAD2663FC1600E3DA3B /* ptuBusTests */ = {
			isa = PBXNativeTarget;
			buildConfigurationList = 806EDEC52663FC1600E3DA3B /* Build configuration list for PBXNativeTarget "ptuBusTests" */;
			buildPhases = (
				AFE0EE3617E25DD99C90E86F /* [CP] Check Pods Manifest.lock */,
				806EDEAA2663FC1600E3DA3B /* Sources */,
				806EDEAB2663FC1600E3DA3B /* Frameworks */,
				806EDEAC2663FC1600E3DA3B /* Resources */,
			);
			buildRules = (
			);
			dependencies = (
				806EDEB02663FC1600E3DA3B /* PBXTargetDependency */,
			);
			name = ptuBusTests;
			productName = ptuBusTests;
			productReference = 806EDEAE2663FC1600E3DA3B /* ptuBusTests.xctest */;
			productType = "com.apple.product-type.bundle.unit-test";
		};
		806EDEB82663FC1600E3DA3B /* ptuBusUITests */ = {
			isa = PBXNativeTarget;
			buildConfigurationList = 806EDEC82663FC1600E3DA3B /* Build configuration list for PBXNativeTarget "ptuBusUITests" */;
			buildPhases = (
				E2B282FDC4C555A419B36829 /* [CP] Check Pods Manifest.lock */,
				806EDEB52663FC1600E3DA3B /* Sources */,
				806EDEB62663FC1600E3DA3B /* Frameworks */,
				806EDEB72663FC1600E3DA3B /* Resources */,
				29B548CCD5D73851A254EF5A /* [CP] Embed Pods Frameworks */,
			);
			buildRules = (
			);
			dependencies = (
				806EDEBB2663FC1600E3DA3B /* PBXTargetDependency */,
			);
			name = ptuBusUITests;
			productName = ptuBusUITests;
			productReference = 806EDEB92663FC1600E3DA3B /* ptuBusUITests.xctest */;
			productType = "com.apple.product-type.bundle.ui-testing";
		};
/* End PBXNativeTarget section */

/* Begin PBXProject section */
		806EDE902663FC1400E3DA3B /* Project object */ = {
			isa = PBXProject;
			attributes = {
				LastSwiftUpdateCheck = 1250;
				LastUpgradeCheck = 1250;
				TargetAttributes = {
					806EDE972663FC1400E3DA3B = {
						CreatedOnToolsVersion = 12.5;
					};
					806EDEAD2663FC1600E3DA3B = {
						CreatedOnToolsVersion = 12.5;
						TestTargetID = 806EDE972663FC1400E3DA3B;
					};
					806EDEB82663FC1600E3DA3B = {
						CreatedOnToolsVersion = 12.5;
						TestTargetID = 806EDE972663FC1400E3DA3B;
					};
				};
			};
			buildConfigurationList = 806EDE932663FC1400E3DA3B /* Build configuration list for PBXProject "ptuBus" */;
			compatibilityVersion = "Xcode 9.3";
			developmentRegion = en;
			hasScannedForEncodings = 0;
			knownRegions = (
				en,
				Base,
			);
			mainGroup = 806EDE8F2663FC1400E3DA3B;
			productRefGroup = 806EDE992663FC1400E3DA3B /* Products */;
			projectDirPath = "";
			projectRoot = "";
			targets = (
				806EDE972663FC1400E3DA3B /* ptuBus */,
				806EDEAD2663FC1600E3DA3B /* ptuBusTests */,
				806EDEB82663FC1600E3DA3B /* ptuBusUITests */,
			);
		};
/* End PBXProject section */

/* Begin PBXResourcesBuildPhase section */
		806EDE962663FC1400E3DA3B /* Resources */ = {
			isa = PBXResourcesBuildPhase;
			buildActionMask = 2147483647;
			files = (
				806EDEA82663FC1500E3DA3B /* LaunchScreen.storyboard in Resources */,
				80A4CE6726764AE6009A4CF3 /* DestinationView.xib in Resources */,
				806EDEA52663FC1500E3DA3B /* Assets.xcassets in Resources */,
				806EDEA32663FC1400E3DA3B /* Main.storyboard in Resources */,
			);
			runOnlyForDeploymentPostprocessing = 0;
		};
		806EDEAC2663FC1600E3DA3B /* Resources */ = {
			isa = PBXResourcesBuildPhase;
			buildActionMask = 2147483647;
			files = (
			);
			runOnlyForDeploymentPostprocessing = 0;
		};
		806EDEB72663FC1600E3DA3B /* Resources */ = {
			isa = PBXResourcesBuildPhase;
			buildActionMask = 2147483647;
			files = (
			);
			runOnlyForDeploymentPostprocessing = 0;
		};
/* End PBXResourcesBuildPhase section */

/* Begin PBXShellScriptBuildPhase section */
		0F68093EE6493CAA30E1FF2F /* [CP] Check Pods Manifest.lock */ = {
			isa = PBXShellScriptBuildPhase;
			buildActionMask = 2147483647;
			files = (
			);
			inputFileListPaths = (
			);
			inputPaths = (
				"${PODS_PODFILE_DIR_PATH}/Podfile.lock",
				"${PODS_ROOT}/Manifest.lock",
			);
			name = "[CP] Check Pods Manifest.lock";
			outputFileListPaths = (
			);
			outputPaths = (
				"$(DERIVED_FILE_DIR)/Pods-ptuBus-checkManifestLockResult.txt",
			);
			runOnlyForDeploymentPostprocessing = 0;
			shellPath = /bin/sh;
			shellScript = "diff \"${PODS_PODFILE_DIR_PATH}/Podfile.lock\" \"${PODS_ROOT}/Manifest.lock\" > /dev/null\nif [ $? != 0 ] ; then\n    # print error to STDERR\n    echo \"error: The sandbox is not in sync with the Podfile.lock. Run 'pod install' or update your CocoaPods installation.\" >&2\n    exit 1\nfi\n# This output is used by Xcode 'outputs' to avoid re-running this script phase.\necho \"SUCCESS\" > \"${SCRIPT_OUTPUT_FILE_0}\"\n";
			showEnvVarsInLog = 0;
		};
		29B548CCD5D73851A254EF5A /* [CP] Embed Pods Frameworks */ = {
			isa = PBXShellScriptBuildPhase;
			buildActionMask = 2147483647;
			files = (
			);
			inputFileListPaths = (
				"${PODS_ROOT}/Target Support Files/Pods-ptuBus-ptuBusUITests/Pods-ptuBus-ptuBusUITests-frameworks-${CONFIGURATION}-input-files.xcfilelist",
			);
			name = "[CP] Embed Pods Frameworks";
			outputFileListPaths = (
				"${PODS_ROOT}/Target Support Files/Pods-ptuBus-ptuBusUITests/Pods-ptuBus-ptuBusUITests-frameworks-${CONFIGURATION}-output-files.xcfilelist",
			);
			runOnlyForDeploymentPostprocessing = 0;
			shellPath = /bin/sh;
			shellScript = "\"${PODS_ROOT}/Target Support Files/Pods-ptuBus-ptuBusUITests/Pods-ptuBus-ptuBusUITests-frameworks.sh\"\n";
			showEnvVarsInLog = 0;
		};
		415DD08A9B310AFEFDF91C32 /* [CP] Embed Pods Frameworks */ = {
			isa = PBXShellScriptBuildPhase;
			buildActionMask = 2147483647;
			files = (
			);
			inputFileListPaths = (
				"${PODS_ROOT}/Target Support Files/Pods-ptuBus/Pods-ptuBus-frameworks-${CONFIGURATION}-input-files.xcfilelist",
			);
			name = "[CP] Embed Pods Frameworks";
			outputFileListPaths = (
				"${PODS_ROOT}/Target Support Files/Pods-ptuBus/Pods-ptuBus-frameworks-${CONFIGURATION}-output-files.xcfilelist",
			);
			runOnlyForDeploymentPostprocessing = 0;
			shellPath = /bin/sh;
			shellScript = "\"${PODS_ROOT}/Target Support Files/Pods-ptuBus/Pods-ptuBus-frameworks.sh\"\n";
			showEnvVarsInLog = 0;
		};
		AFE0EE3617E25DD99C90E86F /* [CP] Check Pods Manifest.lock */ = {
			isa = PBXShellScriptBuildPhase;
			buildActionMask = 2147483647;
			files = (
			);
			inputFileListPaths = (
			);
			inputPaths = (
				"${PODS_PODFILE_DIR_PATH}/Podfile.lock",
				"${PODS_ROOT}/Manifest.lock",
			);
			name = "[CP] Check Pods Manifest.lock";
			outputFileListPaths = (
			);
			outputPaths = (
				"$(DERIVED_FILE_DIR)/Pods-ptuBusTests-checkManifestLockResult.txt",
			);
			runOnlyForDeploymentPostprocessing = 0;
			shellPath = /bin/sh;
			shellScript = "diff \"${PODS_PODFILE_DIR_PATH}/Podfile.lock\" \"${PODS_ROOT}/Manifest.lock\" > /dev/null\nif [ $? != 0 ] ; then\n    # print error to STDERR\n    echo \"error: The sandbox is not in sync with the Podfile.lock. Run 'pod install' or update your CocoaPods installation.\" >&2\n    exit 1\nfi\n# This output is used by Xcode 'outputs' to avoid re-running this script phase.\necho \"SUCCESS\" > \"${SCRIPT_OUTPUT_FILE_0}\"\n";
			showEnvVarsInLog = 0;
		};
		E2B282FDC4C555A419B36829 /* [CP] Check Pods Manifest.lock */ = {
			isa = PBXShellScriptBuildPhase;
			buildActionMask = 2147483647;
			files = (
			);
			inputFileListPaths = (
			);
			inputPaths = (
				"${PODS_PODFILE_DIR_PATH}/Podfile.lock",
				"${PODS_ROOT}/Manifest.lock",
			);
			name = "[CP] Check Pods Manifest.lock";
			outputFileListPaths = (
			);
			outputPaths = (
				"$(DERIVED_FILE_DIR)/Pods-ptuBus-ptuBusUITests-checkManifestLockResult.txt",
			);
			runOnlyForDeploymentPostprocessing = 0;
			shellPath = /bin/sh;
			shellScript = "diff \"${PODS_PODFILE_DIR_PATH}/Podfile.lock\" \"${PODS_ROOT}/Manifest.lock\" > /dev/null\nif [ $? != 0 ] ; then\n    # print error to STDERR\n    echo \"error: The sandbox is not in sync with the Podfile.lock. Run 'pod install' or update your CocoaPods installation.\" >&2\n    exit 1\nfi\n# This output is used by Xcode 'outputs' to avoid re-running this script phase.\necho \"SUCCESS\" > \"${SCRIPT_OUTPUT_FILE_0}\"\n";
			showEnvVarsInLog = 0;
		};
/* End PBXShellScriptBuildPhase section */

/* Begin PBXSourcesBuildPhase section */
		806EDE942663FC1400E3DA3B /* Sources */ = {
			isa = PBXSourcesBuildPhase;
			buildActionMask = 2147483647;
			files = (
				80A4CE6B26764E33009A4CF3 /* ExpressBusDestinationViewController.swift in Sources */,
				806EDEA02663FC1400E3DA3B /* MainViewController.swift in Sources */,
				806EDE9C2663FC1400E3DA3B /* AppDelegate.swift in Sources */,
				8004D5A7266BEEA8004D99EA /* BuildURL.swift in Sources */,
				80CE35C22676B71C00318B63 /* TrainDestinationViewController.swift in Sources */,
				806EDECC266402A700E3DA3B /* FavoriteViewController.swift in Sources */,
				80104F06266E9E9900FA51A7 /* SchoolBusTableViewCell.swift in Sources */,
				8004D5AB266D2F38004D99EA /* Request.swift in Sources */,
				80A4CE6E2676A47C009A4CF3 /* UIColor.swift in Sources */,
				80A4CE702676A791009A4CF3 /* ExpressBusViewController.swift in Sources */,
				806EDED0266404F400E3DA3B /* SchoolBusViewController.swift in Sources */,
				80A4CE6826764AE6009A4CF3 /* DestinationUIView.swift in Sources */,
				806EDE9E2663FC1400E3DA3B /* SceneDelegate.swift in Sources */,
				80C7CAAC2676E15500D4F78C /* TrainTableViewCell.swift in Sources */,
				80CE35C42676BAA400318B63 /* TrainViewController.swift in Sources */,
			);
			runOnlyForDeploymentPostprocessing = 0;
		};
		806EDEAA2663FC1600E3DA3B /* Sources */ = {
			isa = PBXSourcesBuildPhase;
			buildActionMask = 2147483647;
			files = (
				806EDEB32663FC1600E3DA3B /* ptuBusTests.swift in Sources */,
			);
			runOnlyForDeploymentPostprocessing = 0;
		};
		806EDEB52663FC1600E3DA3B /* Sources */ = {
			isa = PBXSourcesBuildPhase;
			buildActionMask = 2147483647;
			files = (
				806EDEBE2663FC1600E3DA3B /* ptuBusUITests.swift in Sources */,
			);
			runOnlyForDeploymentPostprocessing = 0;
		};
/* End PBXSourcesBuildPhase section */

/* Begin PBXTargetDependency section */
		806EDEB02663FC1600E3DA3B /* PBXTargetDependency */ = {
			isa = PBXTargetDependency;
			target = 806EDE972663FC1400E3DA3B /* ptuBus */;
			targetProxy = 806EDEAF2663FC1600E3DA3B /* PBXContainerItemProxy */;
		};
		806EDEBB2663FC1600E3DA3B /* PBXTargetDependency */ = {
			isa = PBXTargetDependency;
			target = 806EDE972663FC1400E3DA3B /* ptuBus */;
			targetProxy = 806EDEBA2663FC1600E3DA3B /* PBXContainerItemProxy */;
		};
/* End PBXTargetDependency section */

/* Begin PBXVariantGroup section */
		806EDEA12663FC1400E3DA3B /* Main.storyboard */ = {
			isa = PBXVariantGroup;
			children = (
				806EDEA22663FC1400E3DA3B /* Base */,
			);
			name = Main.storyboard;
			sourceTree = "<group>";
		};
		806EDEA62663FC1500E3DA3B /* LaunchScreen.storyboard */ = {
			isa = PBXVariantGroup;
			children = (
				806EDEA72663FC1500E3DA3B /* Base */,
			);
			name = LaunchScreen.storyboard;
			sourceTree = "<group>";
		};
/* End PBXVariantGroup section */

/* Begin XCBuildConfiguration section */
		806EDEC02663FC1600E3DA3B /* Debug */ = {
			isa = XCBuildConfiguration;
			buildSettings = {
				ALWAYS_SEARCH_USER_PATHS = NO;
				CLANG_ANALYZER_NONNULL = YES;
				CLANG_ANALYZER_NUMBER_OBJECT_CONVERSION = YES_AGGRESSIVE;
				CLANG_CXX_LANGUAGE_STANDARD = "gnu++14";
				CLANG_CXX_LIBRARY = "libc++";
				CLANG_ENABLE_MODULES = YES;
				CLANG_ENABLE_OBJC_ARC = YES;
				CLANG_ENABLE_OBJC_WEAK = YES;
				CLANG_WARN_BLOCK_CAPTURE_AUTORELEASING = YES;
				CLANG_WARN_BOOL_CONVERSION = YES;
				CLANG_WARN_COMMA = YES;
				CLANG_WARN_CONSTANT_CONVERSION = YES;
				CLANG_WARN_DEPRECATED_OBJC_IMPLEMENTATIONS = YES;
				CLANG_WARN_DIRECT_OBJC_ISA_USAGE = YES_ERROR;
				CLANG_WARN_DOCUMENTATION_COMMENTS = YES;
				CLANG_WARN_EMPTY_BODY = YES;
				CLANG_WARN_ENUM_CONVERSION = YES;
				CLANG_WARN_INFINITE_RECURSION = YES;
				CLANG_WARN_INT_CONVERSION = YES;
				CLANG_WARN_NON_LITERAL_NULL_CONVERSION = YES;
				CLANG_WARN_OBJC_IMPLICIT_RETAIN_SELF = YES;
				CLANG_WARN_OBJC_LITERAL_CONVERSION = YES;
				CLANG_WARN_OBJC_ROOT_CLASS = YES_ERROR;
				CLANG_WARN_QUOTED_INCLUDE_IN_FRAMEWORK_HEADER = YES;
				CLANG_WARN_RANGE_LOOP_ANALYSIS = YES;
				CLANG_WARN_STRICT_PROTOTYPES = YES;
				CLANG_WARN_SUSPICIOUS_MOVE = YES;
				CLANG_WARN_UNGUARDED_AVAILABILITY = YES_AGGRESSIVE;
				CLANG_WARN_UNREACHABLE_CODE = YES;
				CLANG_WARN__DUPLICATE_METHOD_MATCH = YES;
				COPY_PHASE_STRIP = NO;
				DEBUG_INFORMATION_FORMAT = dwarf;
				ENABLE_STRICT_OBJC_MSGSEND = YES;
				ENABLE_TESTABILITY = YES;
				GCC_C_LANGUAGE_STANDARD = gnu11;
				GCC_DYNAMIC_NO_PIC = NO;
				GCC_NO_COMMON_BLOCKS = YES;
				GCC_OPTIMIZATION_LEVEL = 0;
				GCC_PREPROCESSOR_DEFINITIONS = (
					"DEBUG=1",
					"$(inherited)",
				);
				GCC_WARN_64_TO_32_BIT_CONVERSION = YES;
				GCC_WARN_ABOUT_RETURN_TYPE = YES_ERROR;
				GCC_WARN_UNDECLARED_SELECTOR = YES;
				GCC_WARN_UNINITIALIZED_AUTOS = YES_AGGRESSIVE;
				GCC_WARN_UNUSED_FUNCTION = YES;
				GCC_WARN_UNUSED_VARIABLE = YES;
				IPHONEOS_DEPLOYMENT_TARGET = 14.5;
				MTL_ENABLE_DEBUG_INFO = INCLUDE_SOURCE;
				MTL_FAST_MATH = YES;
				ONLY_ACTIVE_ARCH = YES;
				SDKROOT = iphoneos;
				SWIFT_ACTIVE_COMPILATION_CONDITIONS = DEBUG;
				SWIFT_OPTIMIZATION_LEVEL = "-Onone";
			};
			name = Debug;
		};
		806EDEC12663FC1600E3DA3B /* Release */ = {
			isa = XCBuildConfiguration;
			buildSettings = {
				ALWAYS_SEARCH_USER_PATHS = NO;
				CLANG_ANALYZER_NONNULL = YES;
				CLANG_ANALYZER_NUMBER_OBJECT_CONVERSION = YES_AGGRESSIVE;
				CLANG_CXX_LANGUAGE_STANDARD = "gnu++14";
				CLANG_CXX_LIBRARY = "libc++";
				CLANG_ENABLE_MODULES = YES;
				CLANG_ENABLE_OBJC_ARC = YES;
				CLANG_ENABLE_OBJC_WEAK = YES;
				CLANG_WARN_BLOCK_CAPTURE_AUTORELEASING = YES;
				CLANG_WARN_BOOL_CONVERSION = YES;
				CLANG_WARN_COMMA = YES;
				CLANG_WARN_CONSTANT_CONVERSION = YES;
				CLANG_WARN_DEPRECATED_OBJC_IMPLEMENTATIONS = YES;
				CLANG_WARN_DIRECT_OBJC_ISA_USAGE = YES_ERROR;
				CLANG_WARN_DOCUMENTATION_COMMENTS = YES;
				CLANG_WARN_EMPTY_BODY = YES;
				CLANG_WARN_ENUM_CONVERSION = YES;
				CLANG_WARN_INFINITE_RECURSION = YES;
				CLANG_WARN_INT_CONVERSION = YES;
				CLANG_WARN_NON_LITERAL_NULL_CONVERSION = YES;
				CLANG_WARN_OBJC_IMPLICIT_RETAIN_SELF = YES;
				CLANG_WARN_OBJC_LITERAL_CONVERSION = YES;
				CLANG_WARN_OBJC_ROOT_CLASS = YES_ERROR;
				CLANG_WARN_QUOTED_INCLUDE_IN_FRAMEWORK_HEADER = YES;
				CLANG_WARN_RANGE_LOOP_ANALYSIS = YES;
				CLANG_WARN_STRICT_PROTOTYPES = YES;
				CLANG_WARN_SUSPICIOUS_MOVE = YES;
				CLANG_WARN_UNGUARDED_AVAILABILITY = YES_AGGRESSIVE;
				CLANG_WARN_UNREACHABLE_CODE = YES;
				CLANG_WARN__DUPLICATE_METHOD_MATCH = YES;
				COPY_PHASE_STRIP = NO;
				DEBUG_INFORMATION_FORMAT = "dwarf-with-dsym";
				ENABLE_NS_ASSERTIONS = NO;
				ENABLE_STRICT_OBJC_MSGSEND = YES;
				GCC_C_LANGUAGE_STANDARD = gnu11;
				GCC_NO_COMMON_BLOCKS = YES;
				GCC_WARN_64_TO_32_BIT_CONVERSION = YES;
				GCC_WARN_ABOUT_RETURN_TYPE = YES_ERROR;
				GCC_WARN_UNDECLARED_SELECTOR = YES;
				GCC_WARN_UNINITIALIZED_AUTOS = YES_AGGRESSIVE;
				GCC_WARN_UNUSED_FUNCTION = YES;
				GCC_WARN_UNUSED_VARIABLE = YES;
				IPHONEOS_DEPLOYMENT_TARGET = 14.5;
				MTL_ENABLE_DEBUG_INFO = NO;
				MTL_FAST_MATH = YES;
				SDKROOT = iphoneos;
				SWIFT_COMPILATION_MODE = wholemodule;
				SWIFT_OPTIMIZATION_LEVEL = "-O";
				VALIDATE_PRODUCT = YES;
			};
			name = Release;
		};
		806EDEC32663FC1600E3DA3B /* Debug */ = {
			isa = XCBuildConfiguration;
			baseConfigurationReference = 7BC192E04BBC92473635E19C /* Pods-ptuBus.debug.xcconfig */;
			buildSettings = {
				ASSETCATALOG_COMPILER_APPICON_NAME = AppIcon;
				ASSETCATALOG_COMPILER_GLOBAL_ACCENT_COLOR_NAME = AccentColor;
				CODE_SIGN_STYLE = Automatic;
				DEVELOPMENT_TEAM = YBL7Z8459S;
				INFOPLIST_FILE = ptuBus/Info.plist;
				LD_RUNPATH_SEARCH_PATHS = (
					"$(inherited)",
					"@executable_path/Frameworks",
				);
				PRODUCT_BUNDLE_IDENTIFIER = com.rokongme.ptuBus;
				PRODUCT_NAME = "$(TARGET_NAME)";
				SWIFT_VERSION = 5.0;
				TARGETED_DEVICE_FAMILY = "1,2";
			};
			name = Debug;
		};
		806EDEC42663FC1600E3DA3B /* Release */ = {
			isa = XCBuildConfiguration;
			baseConfigurationReference = 23CC2367266463F9E8B60284 /* Pods-ptuBus.release.xcconfig */;
			buildSettings = {
				ASSETCATALOG_COMPILER_APPICON_NAME = AppIcon;
				ASSETCATALOG_COMPILER_GLOBAL_ACCENT_COLOR_NAME = AccentColor;
				CODE_SIGN_STYLE = Automatic;
				DEVELOPMENT_TEAM = YBL7Z8459S;
				INFOPLIST_FILE = ptuBus/Info.plist;
				LD_RUNPATH_SEARCH_PATHS = (
					"$(inherited)",
					"@executable_path/Frameworks",
				);
				PRODUCT_BUNDLE_IDENTIFIER = com.rokongme.ptuBus;
				PRODUCT_NAME = "$(TARGET_NAME)";
				SWIFT_VERSION = 5.0;
				TARGETED_DEVICE_FAMILY = "1,2";
			};
			name = Release;
		};
		806EDEC62663FC1600E3DA3B /* Debug */ = {
			isa = XCBuildConfiguration;
			baseConfigurationReference = B5EA42FE584B7C6C3AE65B61 /* Pods-ptuBusTests.debug.xcconfig */;
			buildSettings = {
				ALWAYS_EMBED_SWIFT_STANDARD_LIBRARIES = YES;
				BUNDLE_LOADER = "$(TEST_HOST)";
				CODE_SIGN_STYLE = Automatic;
				INFOPLIST_FILE = ptuBusTests/Info.plist;
				IPHONEOS_DEPLOYMENT_TARGET = 14.5;
				LD_RUNPATH_SEARCH_PATHS = (
					"$(inherited)",
					"@executable_path/Frameworks",
					"@loader_path/Frameworks",
				);
				PRODUCT_BUNDLE_IDENTIFIER = com.rokongme.ptuBusTests;
				PRODUCT_NAME = "$(TARGET_NAME)";
				SWIFT_VERSION = 5.0;
				TARGETED_DEVICE_FAMILY = "1,2";
				TEST_HOST = "$(BUILT_PRODUCTS_DIR)/ptuBus.app/ptuBus";
			};
			name = Debug;
		};
		806EDEC72663FC1600E3DA3B /* Release */ = {
			isa = XCBuildConfiguration;
			baseConfigurationReference = E8DDBDC93A878047231C6983 /* Pods-ptuBusTests.release.xcconfig */;
			buildSettings = {
				ALWAYS_EMBED_SWIFT_STANDARD_LIBRARIES = YES;
				BUNDLE_LOADER = "$(TEST_HOST)";
				CODE_SIGN_STYLE = Automatic;
				INFOPLIST_FILE = ptuBusTests/Info.plist;
				IPHONEOS_DEPLOYMENT_TARGET = 14.5;
				LD_RUNPATH_SEARCH_PATHS = (
					"$(inherited)",
					"@executable_path/Frameworks",
					"@loader_path/Frameworks",
				);
				PRODUCT_BUNDLE_IDENTIFIER = com.rokongme.ptuBusTests;
				PRODUCT_NAME = "$(TARGET_NAME)";
				SWIFT_VERSION = 5.0;
				TARGETED_DEVICE_FAMILY = "1,2";
				TEST_HOST = "$(BUILT_PRODUCTS_DIR)/ptuBus.app/ptuBus";
			};
			name = Release;
		};
		806EDEC92663FC1600E3DA3B /* Debug */ = {
			isa = XCBuildConfiguration;
			baseConfigurationReference = E1B7976C8840DF65D7B1C47E /* Pods-ptuBus-ptuBusUITests.debug.xcconfig */;
			buildSettings = {
				ALWAYS_EMBED_SWIFT_STANDARD_LIBRARIES = YES;
				CODE_SIGN_STYLE = Automatic;
				INFOPLIST_FILE = ptuBusUITests/Info.plist;
				LD_RUNPATH_SEARCH_PATHS = (
					"$(inherited)",
					"@executable_path/Frameworks",
					"@loader_path/Frameworks",
				);
				PRODUCT_BUNDLE_IDENTIFIER = com.rokongme.ptuBusUITests;
				PRODUCT_NAME = "$(TARGET_NAME)";
				SWIFT_VERSION = 5.0;
				TARGETED_DEVICE_FAMILY = "1,2";
				TEST_TARGET_NAME = ptuBus;
			};
			name = Debug;
		};
		806EDECA2663FC1600E3DA3B /* Release */ = {
			isa = XCBuildConfiguration;
			baseConfigurationReference = D177E190D356D0F4CB610BE0 /* Pods-ptuBus-ptuBusUITests.release.xcconfig */;
			buildSettings = {
				ALWAYS_EMBED_SWIFT_STANDARD_LIBRARIES = YES;
				CODE_SIGN_STYLE = Automatic;
				INFOPLIST_FILE = ptuBusUITests/Info.plist;
				LD_RUNPATH_SEARCH_PATHS = (
					"$(inherited)",
					"@executable_path/Frameworks",
					"@loader_path/Frameworks",
				);
				PRODUCT_BUNDLE_IDENTIFIER = com.rokongme.ptuBusUITests;
				PRODUCT_NAME = "$(TARGET_NAME)";
				SWIFT_VERSION = 5.0;
				TARGETED_DEVICE_FAMILY = "1,2";
				TEST_TARGET_NAME = ptuBus;
			};
			name = Release;
		};
/* End XCBuildConfiguration section */

/* Begin XCConfigurationList section */
		806EDE932663FC1400E3DA3B /* Build configuration list for PBXProject "ptuBus" */ = {
			isa = XCConfigurationList;
			buildConfigurations = (
				806EDEC02663FC1600E3DA3B /* Debug */,
				806EDEC12663FC1600E3DA3B /* Release */,
			);
			defaultConfigurationIsVisible = 0;
			defaultConfigurationName = Release;
		};
		806EDEC22663FC1600E3DA3B /* Build configuration list for PBXNativeTarget "ptuBus" */ = {
			isa = XCConfigurationList;
			buildConfigurations = (
				806EDEC32663FC1600E3DA3B /* Debug */,
				806EDEC42663FC1600E3DA3B /* Release */,
			);
			defaultConfigurationIsVisible = 0;
			defaultConfigurationName = Release;
		};
		806EDEC52663FC1600E3DA3B /* Build configuration list for PBXNativeTarget "ptuBusTests" */ = {
			isa = XCConfigurationList;
			buildConfigurations = (
				806EDEC62663FC1600E3DA3B /* Debug */,
				806EDEC72663FC1600E3DA3B /* Release */,
			);
			defaultConfigurationIsVisible = 0;
			defaultConfigurationName = Release;
		};
		806EDEC82663FC1600E3DA3B /* Build configuration list for PBXNativeTarget "ptuBusUITests" */ = {
			isa = XCConfigurationList;
			buildConfigurations = (
				806EDEC92663FC1600E3DA3B /* Debug */,
				806EDECA2663FC1600E3DA3B /* Release */,
			);
			defaultConfigurationIsVisible = 0;
			defaultConfigurationName = Release;
		};
/* End XCConfigurationList section */
	};
	rootObject = 806EDE902663FC1400E3DA3B /* Project object */;
}
